
Microsoft Visual Studio Solution File, Format Version 12.00
# Visual Studio 15
VisualStudioVersion = 15.0.27428.2005
MinimumVisualStudioVersion = 10.0.40219.1
Project("{FAE04EC0-301F-11D3-BF4B-00C04F79EFBC}") = "CodeFightsUsingMono5", "CodeFightsUsingMono5\CodeFightsUsingMono5.csproj", "{3370B053-483F-4F5D-BC3F-3967ED3565E9}"
EndProject
Project("{FAE04EC0-301F-11D3-BF4B-00C04F79EFBC}") = "UnitTestCodeFightMono", "UnitTestCodeFightMono\UnitTestCodeFightMono.csproj", "{2F1E2CFD-6821-4DC9-B765-132367143CC2}"
EndProject
Global
	GlobalSection(SolutionConfigurationPlatforms) = preSolution
		Debug|Any CPU = Debug|Any CPU
		Release|Any CPU = Release|Any CPU
	EndGlobalSection
	GlobalSection(ProjectConfigurationPlatforms) = postSolution
		{3370B053-483F-4F5D-BC3F-3967ED3565E9}.Debug|Any CPU.ActiveCfg = Debug|Any CPU
		{3370B053-483F-4F5D-BC3F-3967ED3565E9}.Debug|Any CPU.Build.0 = Debug|Any CPU
		{3370B053-483F-4F5D-BC3F-3967ED3565E9}.Release|Any CPU.ActiveCfg = Release|Any CPU
		{3370B053-483F-4F5D-BC3F-3967ED3565E9}.Release|Any CPU.Build.0 = Release|Any CPU
		{2F1E2CFD-6821-4DC9-B765-132367143CC2}.Debug|Any CPU.ActiveCfg = Debug|Any CPU
		{2F1E2CFD-6821-4DC9-B765-132367143CC2}.Debug|Any CPU.Build.0 = Debug|Any CPU
		{2F1E2CFD-6821-4DC9-B765-132367143CC2}.Release|Any CPU.ActiveCfg = Release|Any CPU
		{2F1E2CFD-6821-4DC9-B765-132367143CC2}.Release|Any CPU.Build.0 = Release|Any CPU
	EndGlobalSection
	GlobalSection(SolutionProperties) = preSolution
		HideSolutionNode = FALSE
	EndGlobalSection
	GlobalSection(ExtensibilityGlobals) = postSolution
		SolutionGuid = {0263C38D-3071-4215-85D4-DA8FDEFC9408}
	EndGlobalSection
EndGlobal
